
Microsoft Visual Studio Solution File, Format Version 12.00
# Visual Studio Version 17
VisualStudioVersion = 17.0.32112.339
MinimumVisualStudioVersion = 10.0.40219.1
Project("{FAE04EC0-301F-11D3-BF4B-00C04F79EFBC}") = "Diabeticare.Android", "Diabeticare\Diabeticare.Android\Diabeticare.Android.csproj", "{E4BEC831-8834-430F-B5B6-93A457718EDE}"
EndProject
Project("{FAE04EC0-301F-11D3-BF4B-00C04F79EFBC}") = "Diabeticare.iOS", "Diabeticare\Diabeticare.iOS\Diabeticare.iOS.csproj", "{7F7C4290-916E-41AE-B3C8-E9E732110317}"
EndProject
Project("{FAE04EC0-301F-11D3-BF4B-00C04F79EFBC}") = "Diabeticare", "Diabeticare\Diabeticare\Diabeticare.csproj", "{F3AE0577-67DA-4599-ACA0-CD4FA8569BFF}"
EndProject
Global
	GlobalSection(SolutionConfigurationPlatforms) = preSolution
		Debug|Any CPU = Debug|Any CPU
		Debug|iPhone = Debug|iPhone
		Debug|iPhoneSimulator = Debug|iPhoneSimulator
		Release|Any CPU = Release|Any CPU
		Release|iPhone = Release|iPhone
		Release|iPhoneSimulator = Release|iPhoneSimulator
	EndGlobalSection
	GlobalSection(ProjectConfigurationPlatforms) = postSolution
		{E4BEC831-8834-430F-B5B6-93A457718EDE}.Debug|Any CPU.ActiveCfg = Debug|Any CPU
		{E4BEC831-8834-430F-B5B6-93A457718EDE}.Debug|Any CPU.Build.0 = Debug|Any CPU
		{E4BEC831-8834-430F-B5B6-93A457718EDE}.Debug|Any CPU.Deploy.0 = Debug|Any CPU
		{E4BEC831-8834-430F-B5B6-93A457718EDE}.Debug|iPhone.ActiveCfg = Debug|Any CPU
		{E4BEC831-8834-430F-B5B6-93A457718EDE}.Debug|iPhone.Build.0 = Debug|Any CPU
		{E4BEC831-8834-430F-B5B6-93A457718EDE}.Debug|iPhone.Deploy.0 = Debug|Any CPU
		{E4BEC831-8834-430F-B5B6-93A457718EDE}.Debug|iPhoneSimulator.ActiveCfg = Debug|Any CPU
		{E4BEC831-8834-430F-B5B6-93A457718EDE}.Debug|iPhoneSimulator.Build.0 = Debug|Any CPU
		{E4BEC831-8834-430F-B5B6-93A457718EDE}.Debug|iPhoneSimulator.Deploy.0 = Debug|Any CPU
		{E4BEC831-8834-430F-B5B6-93A457718EDE}.Release|Any CPU.ActiveCfg = Release|Any CPU
		{E4BEC831-8834-430F-B5B6-93A457718EDE}.Release|Any CPU.Build.0 = Release|Any CPU
		{E4BEC831-8834-430F-B5B6-93A457718EDE}.Release|Any CPU.Deploy.0 = Release|Any CPU
		{E4BEC831-8834-430F-B5B6-93A457718EDE}.Release|iPhone.ActiveCfg = Release|Any CPU
		{E4BEC831-8834-430F-B5B6-93A457718EDE}.Release|iPhone.Build.0 = Release|Any CPU
		{E4BEC831-8834-430F-B5B6-93A457718EDE}.Release|iPhone.Deploy.0 = Release|Any CPU
		{E4BEC831-8834-430F-B5B6-93A457718EDE}.Release|iPhoneSimulator.ActiveCfg = Release|Any CPU
		{E4BEC831-8834-430F-B5B6-93A457718EDE}.Release|iPhoneSimulator.Build.0 = Release|Any CPU
		{E4BEC831-8834-430F-B5B6-93A457718EDE}.Release|iPhoneSimulator.Deploy.0 = Release|Any CPU
		{7F7C4290-916E-41AE-B3C8-E9E732110317}.Debug|Any CPU.ActiveCfg = Debug|iPhone
		{7F7C4290-916E-41AE-B3C8-E9E732110317}.Debug|Any CPU.Build.0 = Debug|iPhone
		{7F7C4290-916E-41AE-B3C8-E9E732110317}.Debug|Any CPU.Deploy.0 = Debug|iPhone
		{7F7C4290-916E-41AE-B3C8-E9E732110317}.Debug|iPhone.ActiveCfg = Debug|iPhone
		{7F7C4290-916E-41AE-B3C8-E9E732110317}.Debug|iPhone.Build.0 = Debug|iPhone
		{7F7C4290-916E-41AE-B3C8-E9E732110317}.Debug|iPhone.Deploy.0 = Debug|iPhone
		{7F7C4290-916E-41AE-B3C8-E9E732110317}.Debug|iPhoneSimulator.ActiveCfg = Debug|iPhoneSimulator
		{7F7C4290-916E-41AE-B3C8-E9E732110317}.Debug|iPhoneSimulator.Build.0 = Debug|iPhoneSimulator
		{7F7C4290-916E-41AE-B3C8-E9E732110317}.Debug|iPhoneSimulator.Deploy.0 = Debug|iPhoneSimulator
		{7F7C4290-916E-41AE-B3C8-E9E732110317}.Release|Any CPU.ActiveCfg = Release|iPhoneSimulator
		{7F7C4290-916E-41AE-B3C8-E9E732110317}.Release|Any CPU.Build.0 = Release|iPhoneSimulator
		{7F7C4290-916E-41AE-B3C8-E9E732110317}.Release|Any CPU.Deploy.0 = Release|iPhoneSimulator
		{7F7C4290-916E-41AE-B3C8-E9E732110317}.Release|iPhone.ActiveCfg = Release|iPhone
		{7F7C4290-916E-41AE-B3C8-E9E732110317}.Release|iPhone.Build.0 = Release|iPhone
		{7F7C4290-916E-41AE-B3C8-E9E732110317}.Release|iPhone.Deploy.0 = Release|iPhone
		{7F7C4290-916E-41AE-B3C8-E9E732110317}.Release|iPhoneSimulator.ActiveCfg = Release|iPhoneSimulator
		{7F7C4290-916E-41AE-B3C8-E9E732110317}.Release|iPhoneSimulator.Build.0 = Release|iPhoneSimulator
		{7F7C4290-916E-41AE-B3C8-E9E732110317}.Release|iPhoneSimulator.Deploy.0 = Release|iPhoneSimulator
		{F3AE0577-67DA-4599-ACA0-CD4FA8569BFF}.Debug|Any CPU.ActiveCfg = Debug|Any CPU
		{F3AE0577-67DA-4599-ACA0-CD4FA8569BFF}.Debug|Any CPU.Build.0 = Debug|Any CPU
		{F3AE0577-67DA-4599-ACA0-CD4FA8569BFF}.Debug|Any CPU.Deploy.0 = Debug|Any CPU
		{F3AE0577-67DA-4599-ACA0-CD4FA8569BFF}.Debug|iPhone.ActiveCfg = Debug|Any CPU
		{F3AE0577-67DA-4599-ACA0-CD4FA8569BFF}.Debug|iPhone.Build.0 = Debug|Any CPU
		{F3AE0577-67DA-4599-ACA0-CD4FA8569BFF}.Debug|iPhone.Deploy.0 = Debug|Any CPU
		{F3AE0577-67DA-4599-ACA0-CD4FA8569BFF}.Debug|iPhoneSimulator.ActiveCfg = Debug|Any CPU
		{F3AE0577-67DA-4599-ACA0-CD4FA8569BFF}.Debug|iPhoneSimulator.Build.0 = Debug|Any CPU
		{F3AE0577-67DA-4599-ACA0-CD4FA8569BFF}.Debug|iPhoneSimulator.Deploy.0 = Debug|Any CPU
		{F3AE0577-67DA-4599-ACA0-CD4FA8569BFF}.Release|Any CPU.ActiveCfg = Release|Any CPU
		{F3AE0577-67DA-4599-ACA0-CD4FA8569BFF}.Release|Any CPU.Build.0 = Release|Any CPU
		{F3AE0577-67DA-4599-ACA0-CD4FA8569BFF}.Release|Any CPU.Deploy.0 = Release|Any CPU
		{F3AE0577-67DA-4599-ACA0-CD4FA8569BFF}.Release|iPhone.ActiveCfg = Release|Any CPU
		{F3AE0577-67DA-4599-ACA0-CD4FA8569BFF}.Release|iPhone.Build.0 = Release|Any CPU
		{F3AE0577-67DA-4599-ACA0-CD4FA8569BFF}.Release|iPhone.Deploy.0 = Release|Any CPU
		{F3AE0577-67DA-4599-ACA0-CD4FA8569BFF}.Release|iPhoneSimulator.ActiveCfg = Release|Any CPU
		{F3AE0577-67DA-4599-ACA0-CD4FA8569BFF}.Release|iPhoneSimulator.Build.0 = Release|Any CPU
		{F3AE0577-67DA-4599-ACA0-CD4FA8569BFF}.Release|iPhoneSimulator.Deploy.0 = Release|Any CPU
	EndGlobalSection
	GlobalSection(SolutionProperties) = preSolution
		HideSolutionNode = FALSE
	EndGlobalSection
	GlobalSection(ExtensibilityGlobals) = postSolution
		SolutionGuid = {56BBF8BD-E34B-4A9D-B1EF-B1394C9BB102}
	EndGlobalSection
EndGlobal
